
Microsoft Visual Studio Solution File, Format Version 12.00
# Visual Studio Version 17
VisualStudioVersion = 17.8.34330.188
MinimumVisualStudioVersion = 10.0.40219.1
Project("{FAE04EC0-301F-11D3-BF4B-00C04F79EFBC}") = "CAPIV3", "CAPIV3\CAPIV3.csproj", "{7CC10CEC-F3C2-4228-9C7C-53FB7B81AD00}"
EndProject
Global
	GlobalSection(SolutionConfigurationPlatforms) = preSolution
		Debug|Any CPU = Debug|Any CPU
		Release|Any CPU = Release|Any CPU
	EndGlobalSection
	GlobalSection(ProjectConfigurationPlatforms) = postSolution
		{7CC10CEC-F3C2-4228-9C7C-53FB7B81AD00}.Debug|Any CPU.ActiveCfg = Debug|Any CPU
		{7CC10CEC-F3C2-4228-9C7C-53FB7B81AD00}.Debug|Any CPU.Build.0 = Debug|Any CPU
		{7CC10CEC-F3C2-4228-9C7C-53FB7B81AD00}.Release|Any CPU.ActiveCfg = Release|Any CPU
		{7CC10CEC-F3C2-4228-9C7C-53FB7B81AD00}.Release|Any CPU.Build.0 = Release|Any CPU
	EndGlobalSection
	GlobalSection(SolutionProperties) = preSolution
		HideSolutionNode = FALSE
	EndGlobalSection
	GlobalSection(ExtensibilityGlobals) = postSolution
		SolutionGuid = {A371001F-9711-4064-953C-A2BE4FDB2DA1}
	EndGlobalSection
EndGlobal
